{
  "nodes": {
    "crane": {
      "locked": {
        "lastModified": 1743700120,
        "narHash": "sha256-8BjG/P0xnuCyVOXlYRwdI1B8nVtyYLf3oDwPSimqREY=",
        "owner": "ipetkov",
        "repo": "crane",
        "rev": "e316f19ee058e6db50075115783be57ac549c389",
        "type": "github"
      },
      "original": {
        "owner": "ipetkov",
        "repo": "crane",
        "type": "github"
      }
    },
    "flake-utils": {
      "inputs": {
        "systems": "systems"
      },
      "locked": {
        "lastModified": 1731533236,
        "narHash": "sha256-l0KFg5HjrsfsO/JpG+r7fRrqm12kzFHyUHqHCVpMMbI=",
        "owner": "numtide",
        "repo": "flake-utils",
        "rev": "11707dc2f618dd54ca8739b309ec4fc024de578b",
        "type": "github"
      },
      "original": {
        "owner": "numtide",
        "repo": "flake-utils",
        "type": "github"
      }
    },
    "flake-utils_2": {
      "inputs": {
        "systems": "systems_2"
      },
      "locked": {
        "lastModified": 1731533236,
        "narHash": "sha256-l0KFg5HjrsfsO/JpG+r7fRrqm12kzFHyUHqHCVpMMbI=",
        "owner": "numtide",
        "repo": "flake-utils",
        "rev": "11707dc2f618dd54ca8739b309ec4fc024de578b",
        "type": "github"
      },
      "original": {
        "owner": "numtide",
        "repo": "flake-utils",
        "type": "github"
      }
    },
    "home-manager-master": {
      "inputs": {
        "nixpkgs": [
          "nixpkgs-unstable"
        ]
      },
      "locked": {
        "lastModified": 1746413188,
        "narHash": "sha256-i6BoiQP0PasExESQHszC0reQHfO6D4aI2GzOwZMOI20=",
        "owner": "nix-community",
        "repo": "home-manager",
        "rev": "8a318641ac13d3bc0a53651feaee9560f9b2d89a",
        "type": "github"
      },
      "original": {
        "owner": "nix-community",
        "ref": "master",
        "repo": "home-manager",
        "type": "github"
      }
    },
    "home-manager-nixos": {
      "inputs": {
        "nixpkgs": [
          "nixos-stable"
        ]
      },
      "locked": {
        "lastModified": 1746171682,
        "narHash": "sha256-EyXUNSa+H+YvGVuQJP1nZskXAowxKYp79RNUsNdQTj4=",
        "owner": "nix-community",
        "repo": "home-manager",
        "rev": "50eee705bbdbac942074a8c120e8194185633675",
        "type": "github"
      },
      "original": {
        "owner": "nix-community",
        "ref": "release-24.11",
        "repo": "home-manager",
        "type": "github"
      }
    },
    "nix-darwin": {
      "inputs": {
        "nixpkgs": [
          "nixpkgs-unstable"
        ]
      },
      "locked": {
        "lastModified": 1746254942,
        "narHash": "sha256-Y062AuRx6l+TJNX8wxZcT59SSLsqD9EedAY0mqgTtQE=",
        "owner": "lnl7",
        "repo": "nix-darwin",
        "rev": "760a11c87009155afa0140d55c40e7c336d62d7a",
        "type": "github"
      },
      "original": {
        "owner": "lnl7",
        "ref": "master",
        "repo": "nix-darwin",
        "type": "github"
      }
    },
    "nixos-stable": {
      "locked": {
        "lastModified": 1746422338,
        "narHash": "sha256-NTtKOTLQv6dPfRe00OGSywg37A1FYqldS6xiNmqBUYc=",
        "owner": "nixos",
        "repo": "nixpkgs",
        "rev": "5b35d248e9206c1f3baf8de6a7683fee126364aa",
        "type": "github"
      },
      "original": {
        "owner": "nixos",
        "ref": "nixos-24.11",
        "repo": "nixpkgs",
        "type": "github"
      }
    },
    "nixpkgs": {
      "locked": {
        "lastModified": 1743689281,
        "narHash": "sha256-y7Hg5lwWhEOgflEHRfzSH96BOt26LaYfrYWzZ+VoVdg=",
        "owner": "NixOS",
        "repo": "nixpkgs",
        "rev": "2bfc080955153be0be56724be6fa5477b4eefabb",
        "type": "github"
      },
      "original": {
        "owner": "NixOS",
        "ref": "nixpkgs-unstable",
        "repo": "nixpkgs",
        "type": "github"
      }
    },
    "nixpkgs-unstable": {
      "locked": {
        "lastModified": 1746397377,
        "narHash": "sha256-5oLdRa3vWSRbuqPIFFmQBGGUqaYZBxX+GGtN9f/n4lU=",
        "owner": "nixos",
        "repo": "nixpkgs",
        "rev": "ed30f8aba41605e3ab46421e3dcb4510ec560ff8",
        "type": "github"
      },
      "original": {
        "owner": "nixos",
        "ref": "nixpkgs-unstable",
        "repo": "nixpkgs",
        "type": "github"
      }
    },
    "root": {
      "inputs": {
        "flake-utils": "flake-utils",
        "home-manager-master": "home-manager-master",
        "home-manager-nixos": "home-manager-nixos",
        "nix-darwin": "nix-darwin",
        "nixos-stable": "nixos-stable",
        "nixpkgs-unstable": "nixpkgs-unstable",
        "zjstatus": "zjstatus"
      }
    },
    "rust-overlay": {
      "inputs": {
        "nixpkgs": [
          "zjstatus",
          "nixpkgs"
        ]
      },
      "locked": {
        "lastModified": 1743682350,
        "narHash": "sha256-S/MyKOFajCiBm5H5laoE59wB6w0NJ4wJG53iAPfYW3k=",
        "owner": "oxalica",
        "repo": "rust-overlay",
        "rev": "c4a8327b0f25d1d81edecbb6105f74d7cf9d7382",
        "type": "github"
      },
      "original": {
        "owner": "oxalica",
        "repo": "rust-overlay",
        "type": "github"
      }
    },
    "systems": {
      "locked": {
        "lastModified": 1681028828,
        "narHash": "sha256-Vy1rq5AaRuLzOxct8nz4T6wlgyUR7zLU309k9mBC768=",
        "owner": "nix-systems",
        "repo": "default",
        "rev": "da67096a3b9bf56a91d16901293e51ba5b49a27e",
        "type": "github"
      },
      "original": {
        "owner": "nix-systems",
        "repo": "default",
        "type": "github"
      }
    },
    "systems_2": {
      "locked": {
        "lastModified": 1681028828,
        "narHash": "sha256-Vy1rq5AaRuLzOxct8nz4T6wlgyUR7zLU309k9mBC768=",
        "owner": "nix-systems",
        "repo": "default",
        "rev": "da67096a3b9bf56a91d16901293e51ba5b49a27e",
        "type": "github"
      },
      "original": {
        "owner": "nix-systems",
        "repo": "default",
        "type": "github"
      }
    },
    "zjstatus": {
      "inputs": {
        "crane": "crane",
        "flake-utils": "flake-utils_2",
        "nixpkgs": "nixpkgs",
        "rust-overlay": "rust-overlay"
      },
      "locked": {
        "lastModified": 1745230073,
        "narHash": "sha256-OER99U7MiqQ47myvbsiljsax7OsK19NMds4NBM9XXLs=",
        "owner": "dj95",
        "repo": "zjstatus",
        "rev": "a819e3bfe6bfef0438d811cdbb1bcfdc29912c62",
        "type": "github"
      },
      "original": {
        "owner": "dj95",
        "repo": "zjstatus",
        "type": "github"
      }
    }
  },
  "root": "root",
  "version": 7
}
