{
  "nodes": {
    "crane": {
      "locked": {
        "lastModified": 1748970125,
        "narHash": "sha256-UDyigbDGv8fvs9aS95yzFfOKkEjx1LO3PL3DsKopohA=",
        "owner": "ipetkov",
        "repo": "crane",
        "rev": "323b5746d89e04b22554b061522dfce9e4c49b18",
        "type": "github"
      },
      "original": {
        "owner": "ipetkov",
        "repo": "crane",
        "type": "github"
      }
    },
    "flake-utils": {
      "inputs": {
        "systems": "systems"
      },
      "locked": {
        "lastModified": 1731533236,
        "narHash": "sha256-l0KFg5HjrsfsO/JpG+r7fRrqm12kzFHyUHqHCVpMMbI=",
        "owner": "numtide",
        "repo": "flake-utils",
        "rev": "11707dc2f618dd54ca8739b309ec4fc024de578b",
        "type": "github"
      },
      "original": {
        "owner": "numtide",
        "repo": "flake-utils",
        "type": "github"
      }
    },
    "flake-utils_2": {
      "inputs": {
        "systems": "systems_2"
      },
      "locked": {
        "lastModified": 1731533236,
        "narHash": "sha256-l0KFg5HjrsfsO/JpG+r7fRrqm12kzFHyUHqHCVpMMbI=",
        "owner": "numtide",
        "repo": "flake-utils",
        "rev": "11707dc2f618dd54ca8739b309ec4fc024de578b",
        "type": "github"
      },
      "original": {
        "owner": "numtide",
        "repo": "flake-utils",
        "type": "github"
      }
    },
    "home-manager-master": {
      "inputs": {
        "nixpkgs": [
          "nixpkgs-unstable"
        ]
      },
      "locked": {
        "lastModified": 1750792199,
        "narHash": "sha256-AztT8H1V3cIgV3USZXnGWzKAQv6Hle3YhuaOFAV83mo=",
        "owner": "nix-community",
        "repo": "home-manager",
        "rev": "d400c361660526a199e1e56cc22f073c09c71d35",
        "type": "github"
      },
      "original": {
        "owner": "nix-community",
        "ref": "master",
        "repo": "home-manager",
        "type": "github"
      }
    },
    "home-manager-nixos": {
      "inputs": {
        "nixpkgs": [
          "nixos-stable"
        ]
      },
      "locked": {
        "lastModified": 1747688870,
        "narHash": "sha256-ypL9WAZfmJr5V70jEVzqGjjQzF0uCkz+AFQF7n9NmNc=",
        "owner": "nix-community",
        "repo": "home-manager",
        "rev": "d5f1f641b289553927b3801580598d200a501863",
        "type": "github"
      },
      "original": {
        "owner": "nix-community",
        "ref": "release-24.11",
        "repo": "home-manager",
        "type": "github"
      }
    },
    "nix-darwin": {
      "inputs": {
        "nixpkgs": [
          "nixpkgs-unstable"
        ]
      },
      "locked": {
        "lastModified": 1750618568,
        "narHash": "sha256-w9EG5FOXrjXGfbqCcQg9x1lMnTwzNDW5BMXp8ddy15E=",
        "owner": "lnl7",
        "repo": "nix-darwin",
        "rev": "1dd19f19e4b53a1fd2e8e738a08dd5fe635ec7e5",
        "type": "github"
      },
      "original": {
        "owner": "lnl7",
        "ref": "master",
        "repo": "nix-darwin",
        "type": "github"
      }
    },
    "nixos-stable": {
      "locked": {
        "lastModified": 1750646418,
        "narHash": "sha256-4UAN+W0Lp4xnUiHYXUXAPX18t+bn6c4Btry2RqM9JHY=",
        "owner": "nixos",
        "repo": "nixpkgs",
        "rev": "1f426f65ac4e6bf808923eb6f8b8c2bfba3d18c5",
        "type": "github"
      },
      "original": {
        "owner": "nixos",
        "ref": "nixos-24.11",
        "repo": "nixpkgs",
        "type": "github"
      }
    },
    "nixpkgs": {
      "locked": {
        "lastModified": 1749401433,
        "narHash": "sha256-HXIQzULIG/MEUW2Q/Ss47oE3QrjxvpUX7gUl4Xp6lnc=",
        "owner": "NixOS",
        "repo": "nixpkgs",
        "rev": "08fcb0dcb59df0344652b38ea6326a2d8271baff",
        "type": "github"
      },
      "original": {
        "owner": "NixOS",
        "ref": "nixpkgs-unstable",
        "repo": "nixpkgs",
        "type": "github"
      }
    },
    "nixpkgs-unstable": {
      "locked": {
        "lastModified": 1750731501,
        "narHash": "sha256-Ah4qq+SbwMaGkuXCibyg+Fwn00el4KmI3XFX6htfDuk=",
        "owner": "nixos",
        "repo": "nixpkgs",
        "rev": "69dfebb3d175bde602f612915c5576a41b18486b",
        "type": "github"
      },
      "original": {
        "owner": "nixos",
        "ref": "nixpkgs-unstable",
        "repo": "nixpkgs",
        "type": "github"
      }
    },
    "root": {
      "inputs": {
        "flake-utils": "flake-utils",
        "home-manager-master": "home-manager-master",
        "home-manager-nixos": "home-manager-nixos",
        "nix-darwin": "nix-darwin",
        "nixos-stable": "nixos-stable",
        "nixpkgs-unstable": "nixpkgs-unstable",
        "zjstatus": "zjstatus"
      }
    },
    "rust-overlay": {
      "inputs": {
        "nixpkgs": [
          "zjstatus",
          "nixpkgs"
        ]
      },
      "locked": {
        "lastModified": 1749436897,
        "narHash": "sha256-OkDtaCGQQVwVFz5HWfbmrMJR99sFIMXHCHEYXzUJEJY=",
        "owner": "oxalica",
        "repo": "rust-overlay",
        "rev": "e7876c387e35dc834838aff254d8e74cf5bd4f19",
        "type": "github"
      },
      "original": {
        "owner": "oxalica",
        "repo": "rust-overlay",
        "type": "github"
      }
    },
    "systems": {
      "locked": {
        "lastModified": 1681028828,
        "narHash": "sha256-Vy1rq5AaRuLzOxct8nz4T6wlgyUR7zLU309k9mBC768=",
        "owner": "nix-systems",
        "repo": "default",
        "rev": "da67096a3b9bf56a91d16901293e51ba5b49a27e",
        "type": "github"
      },
      "original": {
        "owner": "nix-systems",
        "repo": "default",
        "type": "github"
      }
    },
    "systems_2": {
      "locked": {
        "lastModified": 1681028828,
        "narHash": "sha256-Vy1rq5AaRuLzOxct8nz4T6wlgyUR7zLU309k9mBC768=",
        "owner": "nix-systems",
        "repo": "default",
        "rev": "da67096a3b9bf56a91d16901293e51ba5b49a27e",
        "type": "github"
      },
      "original": {
        "owner": "nix-systems",
        "repo": "default",
        "type": "github"
      }
    },
    "zjstatus": {
      "inputs": {
        "crane": "crane",
        "flake-utils": "flake-utils_2",
        "nixpkgs": "nixpkgs",
        "rust-overlay": "rust-overlay"
      },
      "locked": {
        "lastModified": 1750360050,
        "narHash": "sha256-/BT5MJqy+e0jHjALBNL8YT4kQ9wlaSedxPapYvKyeyw=",
        "owner": "dj95",
        "repo": "zjstatus",
        "rev": "857ada14fc8f652300571272c6db7c12620c33c0",
        "type": "github"
      },
      "original": {
        "owner": "dj95",
        "repo": "zjstatus",
        "type": "github"
      }
    }
  },
  "root": "root",
  "version": 7
}
